
Microsoft Visual Studio Solution File, Format Version 12.00
# Visual Studio Version 17
VisualStudioVersion = 17.8.34511.84
MinimumVisualStudioVersion = 10.0.40219.1
Project("{9A19103F-16F7-4668-BE54-9A1E7A4F7556}") = "DomainModel", "DomainModel\DomainModel.csproj", "{12BDE63A-B95D-4087-99F7-896984AF8AE9}"
EndProject
Project("{9A19103F-16F7-4668-BE54-9A1E7A4F7556}") = "Views", "Views\Views.csproj", "{9E4386B5-5C8A-420E-99AA-9783E1E657BF}"
EndProject
Project("{FAE04EC0-301F-11D3-BF4B-00C04F79EFBC}") = "Presentation", "Presentation\Presentation.csproj", "{D1D5F136-3AA0-4811-B819-63F1BEF3F9F9}"
	ProjectSection(ProjectDependencies) = postProject
		{12BDE63A-B95D-4087-99F7-896984AF8AE9} = {12BDE63A-B95D-4087-99F7-896984AF8AE9}
	EndProjectSection
EndProject
Global
	GlobalSection(SolutionConfigurationPlatforms) = preSolution
		Debug|Any CPU = Debug|Any CPU
		Release|Any CPU = Release|Any CPU
	EndGlobalSection
	GlobalSection(ProjectConfigurationPlatforms) = postSolution
		{12BDE63A-B95D-4087-99F7-896984AF8AE9}.Debug|Any CPU.ActiveCfg = Debug|Any CPU
		{12BDE63A-B95D-4087-99F7-896984AF8AE9}.Debug|Any CPU.Build.0 = Debug|Any CPU
		{12BDE63A-B95D-4087-99F7-896984AF8AE9}.Release|Any CPU.ActiveCfg = Release|Any CPU
		{12BDE63A-B95D-4087-99F7-896984AF8AE9}.Release|Any CPU.Build.0 = Release|Any CPU
		{9E4386B5-5C8A-420E-99AA-9783E1E657BF}.Debug|Any CPU.ActiveCfg = Debug|Any CPU
		{9E4386B5-5C8A-420E-99AA-9783E1E657BF}.Debug|Any CPU.Build.0 = Debug|Any CPU
		{9E4386B5-5C8A-420E-99AA-9783E1E657BF}.Release|Any CPU.ActiveCfg = Release|Any CPU
		{9E4386B5-5C8A-420E-99AA-9783E1E657BF}.Release|Any CPU.Build.0 = Release|Any CPU
		{D1D5F136-3AA0-4811-B819-63F1BEF3F9F9}.Debug|Any CPU.ActiveCfg = Debug|Any CPU
		{D1D5F136-3AA0-4811-B819-63F1BEF3F9F9}.Debug|Any CPU.Build.0 = Debug|Any CPU
		{D1D5F136-3AA0-4811-B819-63F1BEF3F9F9}.Release|Any CPU.ActiveCfg = Release|Any CPU
		{D1D5F136-3AA0-4811-B819-63F1BEF3F9F9}.Release|Any CPU.Build.0 = Release|Any CPU
	EndGlobalSection
	GlobalSection(SolutionProperties) = preSolution
		HideSolutionNode = FALSE
	EndGlobalSection
	GlobalSection(ExtensibilityGlobals) = postSolution
		SolutionGuid = {1DC45AEF-043A-4750-8364-0984011DBC1A}
	EndGlobalSection
EndGlobal
